
Microsoft Visual Studio Solution File, Format Version 12.00
# Visual Studio Version 17
VisualStudioVersion = 17.7.34202.233
MinimumVisualStudioVersion = 10.0.40219.1
Project("{FAE04EC0-301F-11D3-BF4B-00C04F79EFBC}") = "ConsoleApp_Travel_Project", "ConsoleApp_Travel_Project.csproj", "{86BA8FF8-63C3-43BD-9AF3-219DC8706A10}"
EndProject
Project("{FAE04EC0-301F-11D3-BF4B-00C04F79EFBC}") = "ClassModel_ClassLibrary", "..\ClassModel_ClassLibrary\ClassModel_ClassLibrary.csproj", "{476FAC55-AFD2-44E7-BEE0-724B339FE37B}"
EndProject
Global
	GlobalSection(SolutionConfigurationPlatforms) = preSolution
		Debug|Any CPU = Debug|Any CPU
		Release|Any CPU = Release|Any CPU
	EndGlobalSection
	GlobalSection(ProjectConfigurationPlatforms) = postSolution
		{86BA8FF8-63C3-43BD-9AF3-219DC8706A10}.Debug|Any CPU.ActiveCfg = Debug|Any CPU
		{86BA8FF8-63C3-43BD-9AF3-219DC8706A10}.Debug|Any CPU.Build.0 = Debug|Any CPU
		{86BA8FF8-63C3-43BD-9AF3-219DC8706A10}.Release|Any CPU.ActiveCfg = Release|Any CPU
		{86BA8FF8-63C3-43BD-9AF3-219DC8706A10}.Release|Any CPU.Build.0 = Release|Any CPU
		{476FAC55-AFD2-44E7-BEE0-724B339FE37B}.Debug|Any CPU.ActiveCfg = Debug|Any CPU
		{476FAC55-AFD2-44E7-BEE0-724B339FE37B}.Debug|Any CPU.Build.0 = Debug|Any CPU
		{476FAC55-AFD2-44E7-BEE0-724B339FE37B}.Release|Any CPU.ActiveCfg = Release|Any CPU
		{476FAC55-AFD2-44E7-BEE0-724B339FE37B}.Release|Any CPU.Build.0 = Release|Any CPU
	EndGlobalSection
	GlobalSection(SolutionProperties) = preSolution
		HideSolutionNode = FALSE
	EndGlobalSection
	GlobalSection(ExtensibilityGlobals) = postSolution
		SolutionGuid = {1C257069-59C0-45C7-B0D6-A9D58A2914C7}
	EndGlobalSection
EndGlobal
